{
  "name": "gha_close_blocker",
  "version": "1.0.0",
  "lockfileVersion": 1,
  "requires": true,
  "dependencies": {
    "github-client": {
      "version": "0.8.0",
      "resolved": "https://registry.npmjs.org/github-client/-/github-client-0.8.0.tgz",
      "integrity": "sha1-kGHU8jy/ZVa5RvIWE14NWr3c9fs=",
      "requires": {
        "jquery-deferred": ">=0.3.0",
        "najax": "git://github.com/philschatz/najax.git",
        "underscore": ">=1.4.2"
      }
    },
    "issue-parser": {
      "version": "6.0.0",
      "resolved": "https://registry.npmjs.org/issue-parser/-/issue-parser-6.0.0.tgz",
      "integrity": "sha512-zKa/Dxq2lGsBIXQ7CUZWTHfvxPC2ej0KfO7fIPqLlHB9J2hJ7rGhZ5rilhuufylr4RXYPzJUeFjKxz305OsNlA==",
      "requires": {
        "lodash.capitalize": "^4.2.1",
        "lodash.escaperegexp": "^4.1.2",
        "lodash.isplainobject": "^4.0.6",
        "lodash.isstring": "^4.0.1",
        "lodash.uniqby": "^4.7.0"
      }
    },
    "jquery-deferred": {
      "version": "0.3.1",
      "resolved": "https://registry.npmjs.org/jquery-deferred/-/jquery-deferred-0.3.1.tgz",
      "integrity": "sha1-WW7KHKr/VPYbEQlisjyv6nTDU1U="
    },
    "lodash.capitalize": {
      "version": "4.2.1",
      "resolved": "https://registry.npmjs.org/lodash.capitalize/-/lodash.capitalize-4.2.1.tgz",
      "integrity": "sha1-+CbJtOKoUR2E46yinbBeGk87cqk="
    },
    "lodash.escaperegexp": {
      "version": "4.1.2",
      "resolved": "https://registry.npmjs.org/lodash.escaperegexp/-/lodash.escaperegexp-4.1.2.tgz",
      "integrity": "sha1-ZHYsSGGAglGKw99Mz11YhtriA0c="
    },
    "lodash.isplainobject": {
      "version": "4.0.6",
      "resolved": "https://registry.npmjs.org/lodash.isplainobject/-/lodash.isplainobject-4.0.6.tgz",
      "integrity": "sha1-fFJqUtibRcRcxpC4gWO+BJf1UMs="
    },
    "lodash.isstring": {
      "version": "4.0.1",
      "resolved": "https://registry.npmjs.org/lodash.isstring/-/lodash.isstring-4.0.1.tgz",
      "integrity": "sha1-1SfftUVuynzJu5XV2ur4i6VKVFE="
    },
    "lodash.uniqby": {
      "version": "4.7.0",
      "resolved": "https://registry.npmjs.org/lodash.uniqby/-/lodash.uniqby-4.7.0.tgz",
      "integrity": "sha1-2ZwHpmnp5tJOE2Lf4mbGdhavEwI="
    },
    "najax": {
      "version": "git://github.com/philschatz/najax.git#1cf623139dd717dba6b6551176c727f7bbbc395d",
      "from": "git://github.com/philschatz/najax.git",
      "requires": {
        "jquery-deferred": ">=0.2.0",
        "underscore": ">=1.3.3"
      }
    },
    "underscore": {
      "version": "1.10.2",
      "resolved": "https://registry.npmjs.org/underscore/-/underscore-1.10.2.tgz",
      "integrity": "sha512-N4P+Q/BuyuEKFJ43B9gYuOj4TQUHXX+j2FqguVOpjkssLUUrnJofCcBccJSCoeturDoZU6GorDTHSvUDlSQbTg=="
    }
  }
}
